
Microsoft Visual Studio Solution File, Format Version 12.00
# Visual Studio Version 16
VisualStudioVersion = 16.0.30413.136
MinimumVisualStudioVersion = 10.0.40219.1
Project("{FAE04EC0-301F-11D3-BF4B-00C04F79EFBC}") = "HelloWorld2", "HelloWorld2\HelloWorld2.csproj", "{39BC08BD-69A5-4878-9047-49CF5C3ACCCC}"
EndProject
Global
	GlobalSection(SolutionConfigurationPlatforms) = preSolution
		Debug|Any CPU = Debug|Any CPU
		Release|Any CPU = Release|Any CPU
	EndGlobalSection
	GlobalSection(ProjectConfigurationPlatforms) = postSolution
		{39BC08BD-69A5-4878-9047-49CF5C3ACCCC}.Debug|Any CPU.ActiveCfg = Debug|Any CPU
		{39BC08BD-69A5-4878-9047-49CF5C3ACCCC}.Debug|Any CPU.Build.0 = Debug|Any CPU
		{39BC08BD-69A5-4878-9047-49CF5C3ACCCC}.Release|Any CPU.ActiveCfg = Release|Any CPU
		{39BC08BD-69A5-4878-9047-49CF5C3ACCCC}.Release|Any CPU.Build.0 = Release|Any CPU
	EndGlobalSection
	GlobalSection(SolutionProperties) = preSolution
		HideSolutionNode = FALSE
	EndGlobalSection
	GlobalSection(ExtensibilityGlobals) = postSolution
		SolutionGuid = {57E89F87-5A23-4DBB-9207-352D789D5D02}
	EndGlobalSection
EndGlobal
